{
  "name": "hrms",
  "lockfileVersion": 3,
  "requires": true,
  "packages": {
    "": {
      "dependencies": {
        "bootstrap": "^5.3.3",
        "fullcalendar": "^6.1.14",
        "jquery": "^3.7.1",
        "jquery-ui": "^1.13.3"
      }
    },
    "node_modules/@fullcalendar/core": {
      "version": "6.1.14",
      "resolved": "https://registry.npmjs.org/@fullcalendar/core/-/core-6.1.14.tgz",
      "integrity": "sha512-hIPRBevm0aMc2aHy1hRIJgXmI1QTvQM1neQa9oxtuqUmF1+ApYC3oAdwcQMTuI7lHHw3pKJDyJFkKLPPnL6HXA==",
      "dependencies": {
        "preact": "~10.12.1"
      }
    },
    "node_modules/@fullcalendar/daygrid": {
      "version": "6.1.14",
      "resolved": "https://registry.npmjs.org/@fullcalendar/daygrid/-/daygrid-6.1.14.tgz",
      "integrity": "sha512-DSyjiA1dEM8k3bOCrZpZOmAOZu71KGtH02ze+4QKuhxkmn/zQghmmLRdfzpOrcyJg6xGKkoB4pBcO+2lXar8XQ==",
      "peerDependencies": {
        "@fullcalendar/core": "~6.1.14"
      }
    },
    "node_modules/@fullcalendar/interaction": {
      "version": "6.1.14",
      "resolved": "https://registry.npmjs.org/@fullcalendar/interaction/-/interaction-6.1.14.tgz",
      "integrity": "sha512-rXum5XCjq+WEPNctFeYL/JKZGeU2rlxrElygocdMegcrIBJQW5hnWWVE+i4/1dOmUKF80CbGVlXUyYXoqK2eFg==",
      "peerDependencies": {
        "@fullcalendar/core": "~6.1.14"
      }
    },
    "node_modules/@fullcalendar/list": {
      "version": "6.1.14",
      "resolved": "https://registry.npmjs.org/@fullcalendar/list/-/list-6.1.14.tgz",
      "integrity": "sha512-eV0/6iCumYfvlPzIUTAONWH17/JlQCyCChUz8m06L4E/sOiNjkHGz8vlVTmZKqXzx9oWOOyV/Nm3pCtHmVZh+Q==",
      "peerDependencies": {
        "@fullcalendar/core": "~6.1.14"
      }
    },
    "node_modules/@fullcalendar/multimonth": {
      "version": "6.1.14",
      "resolved": "https://registry.npmjs.org/@fullcalendar/multimonth/-/multimonth-6.1.14.tgz",
      "integrity": "sha512-el2vbZZgTkdufgOvRxqx61czjRMfEK50449g4SkqbagtS3ITNMAv84KHFcsbXVbd9Nh3UhbXDuYZuzJZpvY7mQ==",
      "dependencies": {
        "@fullcalendar/daygrid": "~6.1.14"
      },
      "peerDependencies": {
        "@fullcalendar/core": "~6.1.14"
      }
    },
    "node_modules/@fullcalendar/timegrid": {
      "version": "6.1.14",
      "resolved": "https://registry.npmjs.org/@fullcalendar/timegrid/-/timegrid-6.1.14.tgz",
      "integrity": "sha512-ZByc3BVAtxWSVfyaNedROLlg/Tb2NQ43+MZZAfBSrVwVm2xyfQ+Bsx3pJyCXsRsUh2TFFTO07q7nMWe0jet3KQ==",
      "dependencies": {
        "@fullcalendar/daygrid": "~6.1.14"
      },
      "peerDependencies": {
        "@fullcalendar/core": "~6.1.14"
      }
    },
    "node_modules/@popperjs/core": {
      "version": "2.11.8",
      "resolved": "https://registry.npmjs.org/@popperjs/core/-/core-2.11.8.tgz",
      "integrity": "sha512-P1st0aksCrn9sGZhp8GMYwBnQsbvAWsZAX44oXNNvLHGqAOcoVxmjZiohstwQ7SqKnbR47akdNi+uleWD8+g6A==",
      "peer": true,
      "funding": {
        "type": "opencollective",
        "url": "https://opencollective.com/popperjs"
      }
    },
    "node_modules/bootstrap": {
      "version": "5.3.3",
      "resolved": "https://registry.npmjs.org/bootstrap/-/bootstrap-5.3.3.tgz",
      "integrity": "sha512-8HLCdWgyoMguSO9o+aH+iuZ+aht+mzW0u3HIMzVu7Srrpv7EBBxTnrFlSCskwdY1+EOFQSm7uMJhNQHkdPcmjg==",
      "funding": [
        {
          "type": "github",
          "url": "https://github.com/sponsors/twbs"
        },
        {
          "type": "opencollective",
          "url": "https://opencollective.com/bootstrap"
        }
      ],
      "peerDependencies": {
        "@popperjs/core": "^2.11.8"
      }
    },
    "node_modules/fullcalendar": {
      "version": "6.1.14",
      "resolved": "https://registry.npmjs.org/fullcalendar/-/fullcalendar-6.1.14.tgz",
      "integrity": "sha512-uGaJrhafNE50VwHRkIROxXMKDZUr7yXgCJ+8VZ561oL5kx2sSWaDsa9WrSYH/NedNJIklUP5XczhIVtcT3aiaQ==",
      "dependencies": {
        "@fullcalendar/core": "~6.1.14",
        "@fullcalendar/daygrid": "~6.1.14",
        "@fullcalendar/interaction": "~6.1.14",
        "@fullcalendar/list": "~6.1.14",
        "@fullcalendar/multimonth": "~6.1.14",
        "@fullcalendar/timegrid": "~6.1.14"
      }
    },
    "node_modules/jquery": {
      "version": "3.7.1",
      "resolved": "https://registry.npmjs.org/jquery/-/jquery-3.7.1.tgz",
      "integrity": "sha512-m4avr8yL8kmFN8psrbFFFmB/If14iN5o9nw/NgnnM+kybDJpRsAynV2BsfpTYrTRysYUdADVD7CkUUizgkpLfg=="
    },
    "node_modules/jquery-ui": {
      "version": "1.13.3",
      "resolved": "https://registry.npmjs.org/jquery-ui/-/jquery-ui-1.13.3.tgz",
      "integrity": "sha512-D2YJfswSJRh/B8M/zCowDpNFfwsDmtfnMPwjJTyvl+CBqzpYwQ+gFYIbUUlzijy/Qvoy30H1YhoSui4MNYpRwA==",
      "dependencies": {
        "jquery": ">=1.8.0 <4.0.0"
      }
    },
    "node_modules/preact": {
      "version": "10.12.1",
      "resolved": "https://registry.npmjs.org/preact/-/preact-10.12.1.tgz",
      "integrity": "sha512-l8386ixSsBdbreOAkqtrwqHwdvR35ID8c3rKPa8lCWuO86dBi32QWHV4vfsZK1utLLFMvw+Z5Ad4XLkZzchscg==",
      "funding": {
        "type": "opencollective",
        "url": "https://opencollective.com/preact"
      }
    }
  }
}
